// !$*UTF8*$!
{
	archiveVersion = 1;
	classes = {
	};
	objectVersion = 56;
	objects = {

/* Begin PBXBuildFile section */
		CB62AA942BA07C9A0085AFCF /* AppDelegate.swift in Sources */ = {isa = PBXBuildFile; fileRef = CB62AA932BA07C9A0085AFCF /* AppDelegate.swift */; };
		CB62AA962BA07C9A0085AFCF /* SceneDelegate.swift in Sources */ = {isa = PBXBuildFile; fileRef = CB62AA952BA07C9A0085AFCF /* SceneDelegate.swift */; };
		CB62AA9D2BA07C9B0085AFCF /* Assets.xcassets in Resources */ = {isa = PBXBuildFile; fileRef = CB62AA9C2BA07C9B0085AFCF /* Assets.xcassets */; };
		CB62AAA02BA07C9B0085AFCF /* LaunchScreen.storyboard in Resources */ = {isa = PBXBuildFile; fileRef = CB62AA9E2BA07C9B0085AFCF /* LaunchScreen.storyboard */; };
		CB62AAA92BA07D270085AFCF /* ViewController.swift in Sources */ = {isa = PBXBuildFile; fileRef = CB62AAA82BA07D270085AFCF /* ViewController.swift */; };
		CB62AAAC2BA07D4C0085AFCF /* SquareCell.swift in Sources */ = {isa = PBXBuildFile; fileRef = CB62AAAB2BA07D4C0085AFCF /* SquareCell.swift */; };
/* End PBXBuildFile section */

/* Begin PBXFileReference section */
		CB62AA902BA07C9A0085AFCF /* RandomNum.app */ = {isa = PBXFileReference; explicitFileType = wrapper.application; includeInIndex = 0; path = RandomNum.app; sourceTree = BUILT_PRODUCTS_DIR; };
		CB62AA932BA07C9A0085AFCF /* AppDelegate.swift */ = {isa = PBXFileReference; lastKnownFileType = sourcecode.swift; path = AppDelegate.swift; sourceTree = "<group>"; };
		CB62AA952BA07C9A0085AFCF /* SceneDelegate.swift */ = {isa = PBXFileReference; lastKnownFileType = sourcecode.swift; path = SceneDelegate.swift; sourceTree = "<group>"; };
		CB62AA9C2BA07C9B0085AFCF /* Assets.xcassets */ = {isa = PBXFileReference; lastKnownFileType = folder.assetcatalog; path = Assets.xcassets; sourceTree = "<group>"; };
		CB62AA9F2BA07C9B0085AFCF /* Base */ = {isa = PBXFileReference; lastKnownFileType = file.storyboard; name = Base; path = Base.lproj/LaunchScreen.storyboard; sourceTree = "<group>"; };
		CB62AAA12BA07C9B0085AFCF /* Info.plist */ = {isa = PBXFileReference; lastKnownFileType = text.plist.xml; path = Info.plist; sourceTree = "<group>"; };
		CB62AAA82BA07D270085AFCF /* ViewController.swift */ = {isa = PBXFileReference; lastKnownFileType = sourcecode.swift; path = ViewController.swift; sourceTree = "<group>"; };
		CB62AAAB2BA07D4C0085AFCF /* SquareCell.swift */ = {isa = PBXFileReference; lastKnownFileType = sourcecode.swift; path = SquareCell.swift; sourceTree = "<group>"; };
/* End PBXFileReference section */

/* Begin PBXFrameworksBuildPhase section */
		CB62AA8D2BA07C9A0085AFCF /* Frameworks */ = {
			isa = PBXFrameworksBuildPhase;
			buildActionMask = 2147483647;
			files = (
			);
			runOnlyForDeploymentPostprocessing = 0;
		};
/* End PBXFrameworksBuildPhase section */

/* Begin PBXGroup section */
		CB62AA872BA07C9A0085AFCF = {
			isa = PBXGroup;
			children = (
				CB62AA922BA07C9A0085AFCF /* RandomNum */,
				CB62AA912BA07C9A0085AFCF /* Products */,
			);
			sourceTree = "<group>";
		};
		CB62AA912BA07C9A0085AFCF /* Products */ = {
			isa = PBXGroup;
			children = (
				CB62AA902BA07C9A0085AFCF /* RandomNum.app */,
			);
			name = Products;
			sourceTree = "<group>";
		};
		CB62AA922BA07C9A0085AFCF /* RandomNum */ = {
			isa = PBXGroup;
			children = (
				CB62AAA72BA07CD60085AFCF /* Screen */,
				CB62AA932BA07C9A0085AFCF /* AppDelegate.swift */,
				CB62AA952BA07C9A0085AFCF /* SceneDelegate.swift */,
				CB62AA9C2BA07C9B0085AFCF /* Assets.xcassets */,
				CB62AA9E2BA07C9B0085AFCF /* LaunchScreen.storyboard */,
				CB62AAA12BA07C9B0085AFCF /* Info.plist */,
			);
			path = RandomNum;
			sourceTree = "<group>";
		};
		CB62AAA72BA07CD60085AFCF /* Screen */ = {
			isa = PBXGroup;
			children = (
				CB62AAA82BA07D270085AFCF /* ViewController.swift */,
				CB62AAAA2BA07D2F0085AFCF /* ViewCell */,
			);
			path = Screen;
			sourceTree = "<group>";
		};
		CB62AAAA2BA07D2F0085AFCF /* ViewCell */ = {
			isa = PBXGroup;
			children = (
				CB62AAAB2BA07D4C0085AFCF /* SquareCell.swift */,
			);
			path = ViewCell;
			sourceTree = "<group>";
		};
/* End PBXGroup section */

/* Begin PBXNativeTarget section */
		CB62AA8F2BA07C9A0085AFCF /* RandomNum */ = {
			isa = PBXNativeTarget;
			buildConfigurationList = CB62AAA42BA07C9B0085AFCF /* Build configuration list for PBXNativeTarget "RandomNum" */;
			buildPhases = (
				CB62AA8C2BA07C9A0085AFCF /* Sources */,
				CB62AA8D2BA07C9A0085AFCF /* Frameworks */,
				CB62AA8E2BA07C9A0085AFCF /* Resources */,
			);
			buildRules = (
			);
			dependencies = (
			);
			name = RandomNum;
			productName = RandomNum;
			productReference = CB62AA902BA07C9A0085AFCF /* RandomNum.app */;
			productType = "com.apple.product-type.application";
		};
/* End PBXNativeTarget section */

/* Begin PBXProject section */
		CB62AA882BA07C9A0085AFCF /* Project object */ = {
			isa = PBXProject;
			attributes = {
				BuildIndependentTargetsInParallel = 1;
				LastSwiftUpdateCheck = 1520;
				LastUpgradeCheck = 1520;
				TargetAttributes = {
					CB62AA8F2BA07C9A0085AFCF = {
						CreatedOnToolsVersion = 15.2;
					};
				};
			};
			buildConfigurationList = CB62AA8B2BA07C9A0085AFCF /* Build configuration list for PBXProject "RandomNum" */;
			compatibilityVersion = "Xcode 14.0";
			developmentRegion = en;
			hasScannedForEncodings = 0;
			knownRegions = (
				en,
				Base,
			);
			mainGroup = CB62AA872BA07C9A0085AFCF;
			productRefGroup = CB62AA912BA07C9A0085AFCF /* Products */;
			projectDirPath = "";
			projectRoot = "";
			targets = (
				CB62AA8F2BA07C9A0085AFCF /* RandomNum */,
			);
		};
/* End PBXProject section */

/* Begin PBXResourcesBuildPhase section */
		CB62AA8E2BA07C9A0085AFCF /* Resources */ = {
			isa = PBXResourcesBuildPhase;
			buildActionMask = 2147483647;
			files = (
				CB62AAA02BA07C9B0085AFCF /* LaunchScreen.storyboard in Resources */,
				CB62AA9D2BA07C9B0085AFCF /* Assets.xcassets in Resources */,
			);
			runOnlyForDeploymentPostprocessing = 0;
		};
/* End PBXResourcesBuildPhase section */

/* Begin PBXSourcesBuildPhase section */
		CB62AA8C2BA07C9A0085AFCF /* Sources */ = {
			isa = PBXSourcesBuildPhase;
			buildActionMask = 2147483647;
			files = (
				CB62AA942BA07C9A0085AFCF /* AppDelegate.swift in Sources */,
				CB62AAAC2BA07D4C0085AFCF /* SquareCell.swift in Sources */,
				CB62AAA92BA07D270085AFCF /* ViewController.swift in Sources */,
				CB62AA962BA07C9A0085AFCF /* SceneDelegate.swift in Sources */,
			);
			runOnlyForDeploymentPostprocessing = 0;
		};
/* End PBXSourcesBuildPhase section */

/* Begin PBXVariantGroup section */
		CB62AA9E2BA07C9B0085AFCF /* LaunchScreen.storyboard */ = {
			isa = PBXVariantGroup;
			children = (
				CB62AA9F2BA07C9B0085AFCF /* Base */,
			);
			name = LaunchScreen.storyboard;
			sourceTree = "<group>";
		};
/* End PBXVariantGroup section */

/* Begin XCBuildConfiguration section */
		CB62AAA22BA07C9B0085AFCF /* Debug */ = {
			isa = XCBuildConfiguration;
			buildSettings = {
				ALWAYS_SEARCH_USER_PATHS = NO;
				ASSETCATALOG_COMPILER_GENERATE_SWIFT_ASSET_SYMBOL_EXTENSIONS = YES;
				CLANG_ANALYZER_NONNULL = YES;
				CLANG_ANALYZER_NUMBER_OBJECT_CONVERSION = YES_AGGRESSIVE;
				CLANG_CXX_LANGUAGE_STANDARD = "gnu++20";
				CLANG_ENABLE_MODULES = YES;
				CLANG_ENABLE_OBJC_ARC = YES;
				CLANG_ENABLE_OBJC_WEAK = YES;
				CLANG_WARN_BLOCK_CAPTURE_AUTORELEASING = YES;
				CLANG_WARN_BOOL_CONVERSION = YES;
				CLANG_WARN_COMMA = YES;
				CLANG_WARN_CONSTANT_CONVERSION = YES;
				CLANG_WARN_DEPRECATED_OBJC_IMPLEMENTATIONS = YES;
				CLANG_WARN_DIRECT_OBJC_ISA_USAGE = YES_ERROR;
				CLANG_WARN_DOCUMENTATION_COMMENTS = YES;
				CLANG_WARN_EMPTY_BODY = YES;
				CLANG_WARN_ENUM_CONVERSION = YES;
				CLANG_WARN_INFINITE_RECURSION = YES;
				CLANG_WARN_INT_CONVERSION = YES;
				CLANG_WARN_NON_LITERAL_NULL_CONVERSION = YES;
				CLANG_WARN_OBJC_IMPLICIT_RETAIN_SELF = YES;
				CLANG_WARN_OBJC_LITERAL_CONVERSION = YES;
				CLANG_WARN_OBJC_ROOT_CLASS = YES_ERROR;
				CLANG_WARN_QUOTED_INCLUDE_IN_FRAMEWORK_HEADER = YES;
				CLANG_WARN_RANGE_LOOP_ANALYSIS = YES;
				CLANG_WARN_STRICT_PROTOTYPES = YES;
				CLANG_WARN_SUSPICIOUS_MOVE = YES;
				CLANG_WARN_UNGUARDED_AVAILABILITY = YES_AGGRESSIVE;
				CLANG_WARN_UNREACHABLE_CODE = YES;
				CLANG_WARN__DUPLICATE_METHOD_MATCH = YES;
				COPY_PHASE_STRIP = NO;
				DEBUG_INFORMATION_FORMAT = dwarf;
				ENABLE_STRICT_OBJC_MSGSEND = YES;
				ENABLE_TESTABILITY = YES;
				ENABLE_USER_SCRIPT_SANDBOXING = YES;
				GCC_C_LANGUAGE_STANDARD = gnu17;
				GCC_DYNAMIC_NO_PIC = NO;
				GCC_NO_COMMON_BLOCKS = YES;
				GCC_OPTIMIZATION_LEVEL = 0;
				GCC_PREPROCESSOR_DEFINITIONS = (
					"DEBUG=1",
					"$(inherited)",
				);
				GCC_WARN_64_TO_32_BIT_CONVERSION = YES;
				GCC_WARN_ABOUT_RETURN_TYPE = YES_ERROR;
				GCC_WARN_UNDECLARED_SELECTOR = YES;
				GCC_WARN_UNINITIALIZED_AUTOS = YES_AGGRESSIVE;
				GCC_WARN_UNUSED_FUNCTION = YES;
				GCC_WARN_UNUSED_VARIABLE = YES;
				IPHONEOS_DEPLOYMENT_TARGET = 17.2;
				LOCALIZATION_PREFERS_STRING_CATALOGS = YES;
				MTL_ENABLE_DEBUG_INFO = INCLUDE_SOURCE;
				MTL_FAST_MATH = YES;
				ONLY_ACTIVE_ARCH = YES;
				SDKROOT = iphoneos;
				SWIFT_ACTIVE_COMPILATION_CONDITIONS = "DEBUG $(inherited)";
				SWIFT_OPTIMIZATION_LEVEL = "-Onone";
			};
			name = Debug;
		};
		CB62AAA32BA07C9B0085AFCF /* Release */ = {
			isa = XCBuildConfiguration;
			buildSettings = {
				ALWAYS_SEARCH_USER_PATHS = NO;
				ASSETCATALOG_COMPILER_GENERATE_SWIFT_ASSET_SYMBOL_EXTENSIONS = YES;
				CLANG_ANALYZER_NONNULL = YES;
				CLANG_ANALYZER_NUMBER_OBJECT_CONVERSION = YES_AGGRESSIVE;
				CLANG_CXX_LANGUAGE_STANDARD = "gnu++20";
				CLANG_ENABLE_MODULES = YES;
				CLANG_ENABLE_OBJC_ARC = YES;
				CLANG_ENABLE_OBJC_WEAK = YES;
				CLANG_WARN_BLOCK_CAPTURE_AUTORELEASING = YES;
				CLANG_WARN_BOOL_CONVERSION = YES;
				CLANG_WARN_COMMA = YES;
				CLANG_WARN_CONSTANT_CONVERSION = YES;
				CLANG_WARN_DEPRECATED_OBJC_IMPLEMENTATIONS = YES;
				CLANG_WARN_DIRECT_OBJC_ISA_USAGE = YES_ERROR;
				CLANG_WARN_DOCUMENTATION_COMMENTS = YES;
				CLANG_WARN_EMPTY_BODY = YES;
				CLANG_WARN_ENUM_CONVERSION = YES;
				CLANG_WARN_INFINITE_RECURSION = YES;
				CLANG_WARN_INT_CONVERSION = YES;
				CLANG_WARN_NON_LITERAL_NULL_CONVERSION = YES;
				CLANG_WARN_OBJC_IMPLICIT_RETAIN_SELF = YES;
				CLANG_WARN_OBJC_LITERAL_CONVERSION = YES;
				CLANG_WARN_OBJC_ROOT_CLASS = YES_ERROR;
				CLANG_WARN_QUOTED_INCLUDE_IN_FRAMEWORK_HEADER = YES;
				CLANG_WARN_RANGE_LOOP_ANALYSIS = YES;
				CLANG_WARN_STRICT_PROTOTYPES = YES;
				CLANG_WARN_SUSPICIOUS_MOVE = YES;
				CLANG_WARN_UNGUARDED_AVAILABILITY = YES_AGGRESSIVE;
				CLANG_WARN_UNREACHABLE_CODE = YES;
				CLANG_WARN__DUPLICATE_METHOD_MATCH = YES;
				COPY_PHASE_STRIP = NO;
				DEBUG_INFORMATION_FORMAT = "dwarf-with-dsym";
				ENABLE_NS_ASSERTIONS = NO;
				ENABLE_STRICT_OBJC_MSGSEND = YES;
				ENABLE_USER_SCRIPT_SANDBOXING = YES;
				GCC_C_LANGUAGE_STANDARD = gnu17;
				GCC_NO_COMMON_BLOCKS = YES;
				GCC_WARN_64_TO_32_BIT_CONVERSION = YES;
				GCC_WARN_ABOUT_RETURN_TYPE = YES_ERROR;
				GCC_WARN_UNDECLARED_SELECTOR = YES;
				GCC_WARN_UNINITIALIZED_AUTOS = YES_AGGRESSIVE;
				GCC_WARN_UNUSED_FUNCTION = YES;
				GCC_WARN_UNUSED_VARIABLE = YES;
				IPHONEOS_DEPLOYMENT_TARGET = 17.2;
				LOCALIZATION_PREFERS_STRING_CATALOGS = YES;
				MTL_ENABLE_DEBUG_INFO = NO;
				MTL_FAST_MATH = YES;
				SDKROOT = iphoneos;
				SWIFT_COMPILATION_MODE = wholemodule;
				VALIDATE_PRODUCT = YES;
			};
			name = Release;
		};
		CB62AAA52BA07C9B0085AFCF /* Debug */ = {
			isa = XCBuildConfiguration;
			buildSettings = {
				ASSETCATALOG_COMPILER_APPICON_NAME = AppIcon;
				ASSETCATALOG_COMPILER_GLOBAL_ACCENT_COLOR_NAME = AccentColor;
				CODE_SIGN_STYLE = Automatic;
				CURRENT_PROJECT_VERSION = 1;
				GENERATE_INFOPLIST_FILE = YES;
				INFOPLIST_FILE = RandomNum/Info.plist;
				INFOPLIST_KEY_UIApplicationSupportsIndirectInputEvents = YES;
				INFOPLIST_KEY_UILaunchStoryboardName = LaunchScreen;
				INFOPLIST_KEY_UISupportedInterfaceOrientations_iPad = "UIInterfaceOrientationPortrait UIInterfaceOrientationPortraitUpsideDown UIInterfaceOrientationLandscapeLeft UIInterfaceOrientationLandscapeRight";
				INFOPLIST_KEY_UISupportedInterfaceOrientations_iPhone = "UIInterfaceOrientationPortrait UIInterfaceOrientationLandscapeLeft UIInterfaceOrientationLandscapeRight";
				LD_RUNPATH_SEARCH_PATHS = (
					"$(inherited)",
					"@executable_path/Frameworks",
				);
				MARKETING_VERSION = 1.0;
				PRODUCT_BUNDLE_IDENTIFIER = com.RandomNum;
				PRODUCT_NAME = "$(TARGET_NAME)";
				SWIFT_EMIT_LOC_STRINGS = YES;
				SWIFT_VERSION = 5.0;
				TARGETED_DEVICE_FAMILY = "1,2";
			};
			name = Debug;
		};
		CB62AAA62BA07C9B0085AFCF /* Release */ = {
			isa = XCBuildConfiguration;
			buildSettings = {
				ASSETCATALOG_COMPILER_APPICON_NAME = AppIcon;
				ASSETCATALOG_COMPILER_GLOBAL_ACCENT_COLOR_NAME = AccentColor;
				CODE_SIGN_STYLE = Automatic;
				CURRENT_PROJECT_VERSION = 1;
				GENERATE_INFOPLIST_FILE = YES;
				INFOPLIST_FILE = RandomNum/Info.plist;
				INFOPLIST_KEY_UIApplicationSupportsIndirectInputEvents = YES;
				INFOPLIST_KEY_UILaunchStoryboardName = LaunchScreen;
				INFOPLIST_KEY_UISupportedInterfaceOrientations_iPad = "UIInterfaceOrientationPortrait UIInterfaceOrientationPortraitUpsideDown UIInterfaceOrientationLandscapeLeft UIInterfaceOrientationLandscapeRight";
				INFOPLIST_KEY_UISupportedInterfaceOrientations_iPhone = "UIInterfaceOrientationPortrait UIInterfaceOrientationLandscapeLeft UIInterfaceOrientationLandscapeRight";
				LD_RUNPATH_SEARCH_PATHS = (
					"$(inherited)",
					"@executable_path/Frameworks",
				);
				MARKETING_VERSION = 1.0;
				PRODUCT_BUNDLE_IDENTIFIER = com.RandomNum;
				PRODUCT_NAME = "$(TARGET_NAME)";
				SWIFT_EMIT_LOC_STRINGS = YES;
				SWIFT_VERSION = 5.0;
				TARGETED_DEVICE_FAMILY = "1,2";
			};
			name = Release;
		};
/* End XCBuildConfiguration section */

/* Begin XCConfigurationList section */
		CB62AA8B2BA07C9A0085AFCF /* Build configuration list for PBXProject "RandomNum" */ = {
			isa = XCConfigurationList;
			buildConfigurations = (
				CB62AAA22BA07C9B0085AFCF /* Debug */,
				CB62AAA32BA07C9B0085AFCF /* Release */,
			);
			defaultConfigurationIsVisible = 0;
			defaultConfigurationName = Release;
		};
		CB62AAA42BA07C9B0085AFCF /* Build configuration list for PBXNativeTarget "RandomNum" */ = {
			isa = XCConfigurationList;
			buildConfigurations = (
				CB62AAA52BA07C9B0085AFCF /* Debug */,
				CB62AAA62BA07C9B0085AFCF /* Release */,
			);
			defaultConfigurationIsVisible = 0;
			defaultConfigurationName = Release;
		};
/* End XCConfigurationList section */
	};
	rootObject = CB62AA882BA07C9A0085AFCF /* Project object */;
}
